
Microsoft Visual Studio Solution File, Format Version 12.00
# Visual Studio 2017
Project("{FAE04EC0-301F-11D3-BF4B-00C04F79EFBC}") = "gamebally", "gamebally.csproj", "{206E10B7-B08A-F3B6-8AF8-593293B4B1D0}"
EndProject
Project("{FAE04EC0-301F-11D3-BF4B-00C04F79EFBC}") = "gamebally.Plugins", "gamebally.Plugins.csproj", "{CD347CB3-37A0-F736-909B-2C062C4435B6}"
EndProject
Project("{FAE04EC0-301F-11D3-BF4B-00C04F79EFBC}") = "gamebally.Editor.Plugins", "gamebally.Editor.Plugins.csproj", "{26154E97-6AEF-C326-2121-13C6B98DAEBC}"
EndProject
Global
	GlobalSection(SolutionConfigurationPlatforms) = preSolution
		Debug|Any CPU = Debug|Any CPU
		Release|Any CPU = Release|Any CPU
	EndGlobalSection
	GlobalSection(ProjectConfigurationPlatforms) = postSolution
		{206E10B7-B08A-F3B6-8AF8-593293B4B1D0}.Debug|Any CPU.ActiveCfg = Debug|Any CPU
		{206E10B7-B08A-F3B6-8AF8-593293B4B1D0}.Debug|Any CPU.Build.0 = Debug|Any CPU
		{206E10B7-B08A-F3B6-8AF8-593293B4B1D0}.Release|Any CPU.ActiveCfg = Release|Any CPU
		{206E10B7-B08A-F3B6-8AF8-593293B4B1D0}.Release|Any CPU.Build.0 = Release|Any CPU
		{CD347CB3-37A0-F736-909B-2C062C4435B6}.Debug|Any CPU.ActiveCfg = Debug|Any CPU
		{CD347CB3-37A0-F736-909B-2C062C4435B6}.Debug|Any CPU.Build.0 = Debug|Any CPU
		{CD347CB3-37A0-F736-909B-2C062C4435B6}.Release|Any CPU.ActiveCfg = Release|Any CPU
		{CD347CB3-37A0-F736-909B-2C062C4435B6}.Release|Any CPU.Build.0 = Release|Any CPU
		{26154E97-6AEF-C326-2121-13C6B98DAEBC}.Debug|Any CPU.ActiveCfg = Debug|Any CPU
		{26154E97-6AEF-C326-2121-13C6B98DAEBC}.Debug|Any CPU.Build.0 = Debug|Any CPU
		{26154E97-6AEF-C326-2121-13C6B98DAEBC}.Release|Any CPU.ActiveCfg = Release|Any CPU
		{26154E97-6AEF-C326-2121-13C6B98DAEBC}.Release|Any CPU.Build.0 = Release|Any CPU
	EndGlobalSection
	GlobalSection(SolutionProperties) = preSolution
		HideSolutionNode = FALSE
	EndGlobalSection
EndGlobal
